
Microsoft Visual Studio Solution File, Format Version 12.00
# Visual Studio Version 17
VisualStudioVersion = 17.10.34928.147
MinimumVisualStudioVersion = 10.0.40219.1
Project("{9A19103F-16F7-4668-BE54-9A1E7A4F7556}") = "PdfPrintService", "PdfPrintService.csproj", "{66CE06A2-D312-44F5-8B31-CA39639C9408}"
EndProject
Global
	GlobalSection(SolutionConfigurationPlatforms) = preSolution
		Debug|Any CPU = Debug|Any CPU
		Release|Any CPU = Release|Any CPU
	EndGlobalSection
	GlobalSection(ProjectConfigurationPlatforms) = postSolution
		{66CE06A2-D312-44F5-8B31-CA39639C9408}.Debug|Any CPU.ActiveCfg = Debug|Any CPU
		{66CE06A2-D312-44F5-8B31-CA39639C9408}.Debug|Any CPU.Build.0 = Debug|Any CPU
		{66CE06A2-D312-44F5-8B31-CA39639C9408}.Release|Any CPU.ActiveCfg = Release|Any CPU
		{66CE06A2-D312-44F5-8B31-CA39639C9408}.Release|Any CPU.Build.0 = Release|Any CPU
	EndGlobalSection
	GlobalSection(SolutionProperties) = preSolution
		HideSolutionNode = FALSE
	EndGlobalSection
	GlobalSection(ExtensibilityGlobals) = postSolution
		SolutionGuid = {86CBDF97-6F42-4A4F-BA77-19BF64E9881C}
	EndGlobalSection
EndGlobal
